{
    "_readme": [
        "This file locks the dependencies of your project to a known state",
        "Read more about it at https://getcomposer.org/doc/01-basic-usage.md#installing-dependencies",
        "This file is @generated automatically"
    ],
    "content-hash": "88afca20f22d335f7a374d763c0f7c8a",
    "packages": [
        {
            "name": "phpro/api-problem",
            "version": "v1.5.0",
            "source": {
                "type": "git",
                "url": "https://github.com/phpro/api-problem.git",
                "reference": "7359a7e59bcd698a8f94f416a30186c283aeafe5"
            },
            "dist": {
                "type": "zip",
                "url": "https://api.github.com/repos/phpro/api-problem/zipball/7359a7e59bcd698a8f94f416a30186c283aeafe5",
                "reference": "7359a7e59bcd698a8f94f416a30186c283aeafe5",
                "shasum": ""
            },
            "require": {
                "php": "^8.0"
            },
            "require-dev": {
                "friendsofphp/php-cs-fixer": "^3.3",
                "phpro/grumphp-shim": "^1.6",
                "phpspec/phpspec": "^7.0",
                "sebastian/comparator": "^4.0",
                "symfony/validator": "^5.3 || ^6.0"
            },
            "suggest": {
                "symfony/validator": "If you want to use the ValidationApiProblem"
            },
            "type": "library",
            "autoload": {
                "psr-4": {
                    "Phpro\\ApiProblem\\": "src/"
                }
            },
            "notification-url": "https://packagist.org/downloads/",
            "license": [
                "MIT"
            ],
            "authors": [
                {
                    "name": "Toon Verwerft",
                    "email": "toon.verwerft@phpro.be"
                }
            ],
            "description": "RFC7807 Problem details implementation",
            "support": {
                "issues": "https://github.com/phpro/api-problem/issues",
                "source": "https://github.com/phpro/api-problem/tree/v1.5.0"
            },
            "time": "2021-11-26T13:49:56+00:00"
        }
    ],
    "packages-dev": [],
    "aliases": [],
    "minimum-stability": "stable",
    "stability-flags": [],
    "prefer-stable": false,
    "prefer-lowest": false,
    "platform": [],
    "platform-dev": [],
    "plugin-api-version": "2.2.0"
}
